<?xml version="1.0" encoding="UTF-8"?>
<Scheme
   LastUpgradeVersion = "0640"
   version = "2.0">
   <BuildAction
      parallelizeBuildables = "YES"
      buildImplicitDependencies = "YES">
      <BuildActionEntries>
         <BuildActionEntry
            buildForTesting = "YES"
            buildForRunning = "YES"
            buildForProfiling = "YES"
            buildForArchiving = "YES"
            buildForAnalyzing = "YES">
            <BuildableReference
               BuildableIdentifier = "primary"
               BlueprintIdentifier = "7DA8479D1B65C05100D0F578"
               BuildableName = "TeatAppleWatch WatchKit App.app"
               BlueprintName = "TeatAppleWatch WatchKit App"
               ReferencedContainer = "container:TeatAppleWatch.xcodeproj">
            </BuildableReference>
         </BuildActionEntry>
         <BuildActionEntry
            buildForTesting = "YES"
            buildForRunning = "YES"
            buildForProfiling = "YES"
            buildForArchiving = "YES"
            buildForAnalyzing = "YES">
            <BuildableReference
               BuildableIdentifier = "primary"
               BlueprintIdentifier = "7DA8478B1B65C05100D0F578"
               BuildableName = "TeatAppleWatch WatchKit Extension.appex"
               BlueprintName = "TeatAppleWatch WatchKit Extension"
               ReferencedContainer = "container:TeatAppleWatch.xcodeproj">
            </BuildableReference>
         </BuildActionEntry>
         <BuildActionEntry
            buildForTesting = "YES"
            buildForRunning = "YES"
            buildForProfiling = "YES"
            buildForArchiving = "YES"
            buildForAnalyzing = "YES">
            <BuildableReference
               BuildableIdentifier = "primary"
               BlueprintIdentifier = "7DA8475E1B65C04300D0F578"
               BuildableName = "TeatAppleWatch.app"
               BlueprintName = "TeatAppleWatch"
               ReferencedContainer = "container:TeatAppleWatch.xcodeproj">
            </BuildableReference>
         </BuildActionEntry>
      </BuildActionEntries>
   </BuildAction>
   <TestAction
      selectedDebuggerIdentifier = "Xcode.DebuggerFoundation.Debugger.LLDB"
      selectedLauncherIdentifier = "Xcode.DebuggerFoundation.Launcher.LLDB"
      shouldUseLaunchSchemeArgsEnv = "YES"
      buildConfiguration = "Debug">
      <Testables>
      </Testables>
      <MacroExpansion>
         <BuildableReference
            BuildableIdentifier = "primary"
            BlueprintIdentifier = "7DA8479D1B65C05100D0F578"
            BuildableName = "TeatAppleWatch WatchKit App.app"
            BlueprintName = "TeatAppleWatch WatchKit App"
            ReferencedContainer = "container:TeatAppleWatch.xcodeproj">
         </BuildableReference>
      </MacroExpansion>
   </TestAction>
   <LaunchAction
      selectedDebuggerIdentifier = "Xcode.DebuggerFoundation.Debugger.LLDB"
      selectedLauncherIdentifier = "Xcode.DebuggerFoundation.Launcher.LLDB"
      launchStyle = "0"
      useCustomWorkingDirectory = "NO"
      buildConfiguration = "Debug"
      ignoresPersistentStateOnLaunch = "NO"
      debugDocumentVersioning = "YES"
      allowLocationSimulation = "YES"
      launchAutomaticallySubstyle = "4"
      notificationPayloadFile = "TeatAppleWatch WatchKit Extension/PushNotificationPayload.apns">
      <RemoteRunnable
         runnableDebuggingMode = "2"
         BundleIdentifier = "com.apple.springboard"
         RemotePath = "/TeatAppleWatch">
         <BuildableReference
            BuildableIdentifier = "primary"
            BlueprintIdentifier = "7DA8479D1B65C05100D0F578"
            BuildableName = "TeatAppleWatch WatchKit App.app"
            BlueprintName = "TeatAppleWatch WatchKit App"
            ReferencedContainer = "container:TeatAppleWatch.xcodeproj">
         </BuildableReference>
      </RemoteRunnable>
      <MacroExpansion>
         <BuildableReference
            BuildableIdentifier = "primary"
            BlueprintIdentifier = "7DA8479D1B65C05100D0F578"
            BuildableName = "TeatAppleWatch WatchKit App.app"
            BlueprintName = "TeatAppleWatch WatchKit App"
            ReferencedContainer = "container:TeatAppleWatch.xcodeproj">
         </BuildableReference>
      </MacroExpansion>
      <AdditionalOptions>
      </AdditionalOptions>
   </LaunchAction>
   <ProfileAction
      shouldUseLaunchSchemeArgsEnv = "YES"
      savedToolIdentifier = ""
      useCustomWorkingDirectory = "NO"
      buildConfiguration = "Release"
      debugDocumentVersioning = "YES"
      launchAutomaticallySubstyle = "4"
      notificationPayloadFile = "TeatAppleWatch WatchKit Extension/PushNotificationPayload.apns">
      <RemoteRunnable
         runnableDebuggingMode = "2"
         BundleIdentifier = "com.apple.springboard"
         RemotePath = "/TeatAppleWatch">
         <BuildableReference
            BuildableIdentifier = "primary"
            BlueprintIdentifier = "7DA8479D1B65C05100D0F578"
            BuildableName = "TeatAppleWatch WatchKit App.app"
            BlueprintName = "TeatAppleWatch WatchKit App"
            ReferencedContainer = "container:TeatAppleWatch.xcodeproj">
         </BuildableReference>
      </RemoteRunnable>
      <MacroExpansion>
         <BuildableReference
            BuildableIdentifier = "primary"
            BlueprintIdentifier = "7DA8479D1B65C05100D0F578"
            BuildableName = "TeatAppleWatch WatchKit App.app"
            BlueprintName = "TeatAppleWatch WatchKit App"
            ReferencedContainer = "container:TeatAppleWatch.xcodeproj">
         </BuildableReference>
      </MacroExpansion>
   </ProfileAction>
   <AnalyzeAction
      buildConfiguration = "Debug">
   </AnalyzeAction>
   <ArchiveAction
      buildConfiguration = "Release"
      revealArchiveInOrganizer = "YES">
   </ArchiveAction>
</Scheme>
