// !$*UTF8*$!
{
	archiveVersion = 1;
	classes = {
	};
	objectVersion = 46;
	objects = {

/* Begin PBXBuildFile section */
		7D1C082C1BDE0DA3004EAD2B /* main.m in Sources */ = {isa = PBXBuildFile; fileRef = 7D1C082B1BDE0DA3004EAD2B /* main.m */; };
		7D1C082F1BDE0DA3004EAD2B /* AppDelegate.m in Sources */ = {isa = PBXBuildFile; fileRef = 7D1C082E1BDE0DA3004EAD2B /* AppDelegate.m */; };
		7D1C08321BDE0DA3004EAD2B /* ViewController.m in Sources */ = {isa = PBXBuildFile; fileRef = 7D1C08311BDE0DA3004EAD2B /* ViewController.m */; };
		7D1C08351BDE0DA3004EAD2B /* Main.storyboard in Resources */ = {isa = PBXBuildFile; fileRef = 7D1C08331BDE0DA3004EAD2B /* Main.storyboard */; };
		7D1C08371BDE0DA3004EAD2B /* Assets.xcassets in Resources */ = {isa = PBXBuildFile; fileRef = 7D1C08361BDE0DA3004EAD2B /* Assets.xcassets */; };
		7D1C083A1BDE0DA3004EAD2B /* LaunchScreen.storyboard in Resources */ = {isa = PBXBuildFile; fileRef = 7D1C08381BDE0DA3004EAD2B /* LaunchScreen.storyboard */; };
		7D1C08451BDE0DA4004EAD2B /* _____Tests.m in Sources */ = {isa = PBXBuildFile; fileRef = 7D1C08441BDE0DA4004EAD2B /* _____Tests.m */; };
		7D1C08501BDE0DA4004EAD2B /* _____UITests.m in Sources */ = {isa = PBXBuildFile; fileRef = 7D1C084F1BDE0DA4004EAD2B /* _____UITests.m */; };
		7D1C085F1BDE108D004EAD2B /* IOSViewController.m in Sources */ = {isa = PBXBuildFile; fileRef = 7D1C085E1BDE108D004EAD2B /* IOSViewController.m */; };
		7D1C08621BDE10D0004EAD2B /* FXBlurViewController.m in Sources */ = {isa = PBXBuildFile; fileRef = 7D1C08611BDE10D0004EAD2B /* FXBlurViewController.m */; };
		7D1C08661BDE122B004EAD2B /* FXBlurView.m in Sources */ = {isa = PBXBuildFile; fileRef = 7D1C08651BDE122B004EAD2B /* FXBlurView.m */; };
/* End PBXBuildFile section */

/* Begin PBXContainerItemProxy section */
		7D1C08411BDE0DA4004EAD2B /* PBXContainerItemProxy */ = {
			isa = PBXContainerItemProxy;
			containerPortal = 7D1C081F1BDE0DA3004EAD2B /* Project object */;
			proxyType = 1;
			remoteGlobalIDString = 7D1C08261BDE0DA3004EAD2B;
			remoteInfo = "毛玻璃模糊";
		};
		7D1C084C1BDE0DA4004EAD2B /* PBXContainerItemProxy */ = {
			isa = PBXContainerItemProxy;
			containerPortal = 7D1C081F1BDE0DA3004EAD2B /* Project object */;
			proxyType = 1;
			remoteGlobalIDString = 7D1C08261BDE0DA3004EAD2B;
			remoteInfo = "毛玻璃模糊";
		};
/* End PBXContainerItemProxy section */

/* Begin PBXFileReference section */
		7D1C08271BDE0DA3004EAD2B /* 毛玻璃模糊.app */ = {isa = PBXFileReference; explicitFileType = wrapper.application; includeInIndex = 0; path = "毛玻璃模糊.app"; sourceTree = BUILT_PRODUCTS_DIR; };
		7D1C082B1BDE0DA3004EAD2B /* main.m */ = {isa = PBXFileReference; lastKnownFileType = sourcecode.c.objc; path = main.m; sourceTree = "<group>"; };
		7D1C082D1BDE0DA3004EAD2B /* AppDelegate.h */ = {isa = PBXFileReference; lastKnownFileType = sourcecode.c.h; path = AppDelegate.h; sourceTree = "<group>"; };
		7D1C082E1BDE0DA3004EAD2B /* AppDelegate.m */ = {isa = PBXFileReference; lastKnownFileType = sourcecode.c.objc; path = AppDelegate.m; sourceTree = "<group>"; };
		7D1C08301BDE0DA3004EAD2B /* ViewController.h */ = {isa = PBXFileReference; lastKnownFileType = sourcecode.c.h; path = ViewController.h; sourceTree = "<group>"; };
		7D1C08311BDE0DA3004EAD2B /* ViewController.m */ = {isa = PBXFileReference; lastKnownFileType = sourcecode.c.objc; path = ViewController.m; sourceTree = "<group>"; };
		7D1C08341BDE0DA3004EAD2B /* Base */ = {isa = PBXFileReference; lastKnownFileType = file.storyboard; name = Base; path = Base.lproj/Main.storyboard; sourceTree = "<group>"; };
		7D1C08361BDE0DA3004EAD2B /* Assets.xcassets */ = {isa = PBXFileReference; lastKnownFileType = folder.assetcatalog; path = Assets.xcassets; sourceTree = "<group>"; };
		7D1C08391BDE0DA3004EAD2B /* Base */ = {isa = PBXFileReference; lastKnownFileType = file.storyboard; name = Base; path = Base.lproj/LaunchScreen.storyboard; sourceTree = "<group>"; };
		7D1C083B1BDE0DA3004EAD2B /* Info.plist */ = {isa = PBXFileReference; lastKnownFileType = text.plist.xml; path = Info.plist; sourceTree = "<group>"; };
		7D1C08401BDE0DA4004EAD2B /* 毛玻璃模糊Tests.xctest */ = {isa = PBXFileReference; explicitFileType = wrapper.cfbundle; includeInIndex = 0; path = "毛玻璃模糊Tests.xctest"; sourceTree = BUILT_PRODUCTS_DIR; };
		7D1C08441BDE0DA4004EAD2B /* _____Tests.m */ = {isa = PBXFileReference; lastKnownFileType = sourcecode.c.objc; path = "_____Tests.m"; sourceTree = "<group>"; };
		7D1C08461BDE0DA4004EAD2B /* Info.plist */ = {isa = PBXFileReference; lastKnownFileType = text.plist.xml; path = Info.plist; sourceTree = "<group>"; };
		7D1C084B1BDE0DA4004EAD2B /* 毛玻璃模糊UITests.xctest */ = {isa = PBXFileReference; explicitFileType = wrapper.cfbundle; includeInIndex = 0; path = "毛玻璃模糊UITests.xctest"; sourceTree = BUILT_PRODUCTS_DIR; };
		7D1C084F1BDE0DA4004EAD2B /* _____UITests.m */ = {isa = PBXFileReference; lastKnownFileType = sourcecode.c.objc; path = "_____UITests.m"; sourceTree = "<group>"; };
		7D1C08511BDE0DA4004EAD2B /* Info.plist */ = {isa = PBXFileReference; lastKnownFileType = text.plist.xml; path = Info.plist; sourceTree = "<group>"; };
		7D1C085D1BDE108D004EAD2B /* IOSViewController.h */ = {isa = PBXFileReference; fileEncoding = 4; lastKnownFileType = sourcecode.c.h; path = IOSViewController.h; sourceTree = "<group>"; };
		7D1C085E1BDE108D004EAD2B /* IOSViewController.m */ = {isa = PBXFileReference; fileEncoding = 4; lastKnownFileType = sourcecode.c.objc; path = IOSViewController.m; sourceTree = "<group>"; };
		7D1C08601BDE10D0004EAD2B /* FXBlurViewController.h */ = {isa = PBXFileReference; fileEncoding = 4; lastKnownFileType = sourcecode.c.h; path = FXBlurViewController.h; sourceTree = "<group>"; };
		7D1C08611BDE10D0004EAD2B /* FXBlurViewController.m */ = {isa = PBXFileReference; fileEncoding = 4; lastKnownFileType = sourcecode.c.objc; path = FXBlurViewController.m; sourceTree = "<group>"; };
		7D1C08641BDE122B004EAD2B /* FXBlurView.h */ = {isa = PBXFileReference; fileEncoding = 4; lastKnownFileType = sourcecode.c.h; path = FXBlurView.h; sourceTree = "<group>"; };
		7D1C08651BDE122B004EAD2B /* FXBlurView.m */ = {isa = PBXFileReference; fileEncoding = 4; lastKnownFileType = sourcecode.c.objc; path = FXBlurView.m; sourceTree = "<group>"; };
/* End PBXFileReference section */

/* Begin PBXFrameworksBuildPhase section */
		7D1C08241BDE0DA3004EAD2B /* Frameworks */ = {
			isa = PBXFrameworksBuildPhase;
			buildActionMask = 2147483647;
			files = (
			);
			runOnlyForDeploymentPostprocessing = 0;
		};
		7D1C083D1BDE0DA4004EAD2B /* Frameworks */ = {
			isa = PBXFrameworksBuildPhase;
			buildActionMask = 2147483647;
			files = (
			);
			runOnlyForDeploymentPostprocessing = 0;
		};
		7D1C08481BDE0DA4004EAD2B /* Frameworks */ = {
			isa = PBXFrameworksBuildPhase;
			buildActionMask = 2147483647;
			files = (
			);
			runOnlyForDeploymentPostprocessing = 0;
		};
/* End PBXFrameworksBuildPhase section */

/* Begin PBXGroup section */
		7D1C081E1BDE0DA3004EAD2B = {
			isa = PBXGroup;
			children = (
				7D1C08291BDE0DA3004EAD2B /* 毛玻璃模糊 */,
				7D1C08431BDE0DA4004EAD2B /* 毛玻璃模糊Tests */,
				7D1C084E1BDE0DA4004EAD2B /* 毛玻璃模糊UITests */,
				7D1C08281BDE0DA3004EAD2B /* Products */,
			);
			sourceTree = "<group>";
		};
		7D1C08281BDE0DA3004EAD2B /* Products */ = {
			isa = PBXGroup;
			children = (
				7D1C08271BDE0DA3004EAD2B /* 毛玻璃模糊.app */,
				7D1C08401BDE0DA4004EAD2B /* 毛玻璃模糊Tests.xctest */,
				7D1C084B1BDE0DA4004EAD2B /* 毛玻璃模糊UITests.xctest */,
			);
			name = Products;
			sourceTree = "<group>";
		};
		7D1C08291BDE0DA3004EAD2B /* 毛玻璃模糊 */ = {
			isa = PBXGroup;
			children = (
				7D1C08631BDE122B004EAD2B /* FXBlurView */,
				7D1C082D1BDE0DA3004EAD2B /* AppDelegate.h */,
				7D1C082E1BDE0DA3004EAD2B /* AppDelegate.m */,
				7D1C08301BDE0DA3004EAD2B /* ViewController.h */,
				7D1C08311BDE0DA3004EAD2B /* ViewController.m */,
				7D1C085D1BDE108D004EAD2B /* IOSViewController.h */,
				7D1C085E1BDE108D004EAD2B /* IOSViewController.m */,
				7D1C08601BDE10D0004EAD2B /* FXBlurViewController.h */,
				7D1C08611BDE10D0004EAD2B /* FXBlurViewController.m */,
				7D1C08331BDE0DA3004EAD2B /* Main.storyboard */,
				7D1C08361BDE0DA3004EAD2B /* Assets.xcassets */,
				7D1C08381BDE0DA3004EAD2B /* LaunchScreen.storyboard */,
				7D1C083B1BDE0DA3004EAD2B /* Info.plist */,
				7D1C082A1BDE0DA3004EAD2B /* Supporting Files */,
			);
			path = "毛玻璃模糊";
			sourceTree = "<group>";
		};
		7D1C082A1BDE0DA3004EAD2B /* Supporting Files */ = {
			isa = PBXGroup;
			children = (
				7D1C082B1BDE0DA3004EAD2B /* main.m */,
			);
			name = "Supporting Files";
			sourceTree = "<group>";
		};
		7D1C08431BDE0DA4004EAD2B /* 毛玻璃模糊Tests */ = {
			isa = PBXGroup;
			children = (
				7D1C08441BDE0DA4004EAD2B /* _____Tests.m */,
				7D1C08461BDE0DA4004EAD2B /* Info.plist */,
			);
			path = "毛玻璃模糊Tests";
			sourceTree = "<group>";
		};
		7D1C084E1BDE0DA4004EAD2B /* 毛玻璃模糊UITests */ = {
			isa = PBXGroup;
			children = (
				7D1C084F1BDE0DA4004EAD2B /* _____UITests.m */,
				7D1C08511BDE0DA4004EAD2B /* Info.plist */,
			);
			path = "毛玻璃模糊UITests";
			sourceTree = "<group>";
		};
		7D1C08631BDE122B004EAD2B /* FXBlurView */ = {
			isa = PBXGroup;
			children = (
				7D1C08641BDE122B004EAD2B /* FXBlurView.h */,
				7D1C08651BDE122B004EAD2B /* FXBlurView.m */,
			);
			path = FXBlurView;
			sourceTree = "<group>";
		};
/* End PBXGroup section */

/* Begin PBXNativeTarget section */
		7D1C08261BDE0DA3004EAD2B /* 毛玻璃模糊 */ = {
			isa = PBXNativeTarget;
			buildConfigurationList = 7D1C08541BDE0DA4004EAD2B /* Build configuration list for PBXNativeTarget "毛玻璃模糊" */;
			buildPhases = (
				7D1C08231BDE0DA3004EAD2B /* Sources */,
				7D1C08241BDE0DA3004EAD2B /* Frameworks */,
				7D1C08251BDE0DA3004EAD2B /* Resources */,
			);
			buildRules = (
			);
			dependencies = (
			);
			name = "毛玻璃模糊";
			productName = "毛玻璃模糊";
			productReference = 7D1C08271BDE0DA3004EAD2B /* 毛玻璃模糊.app */;
			productType = "com.apple.product-type.application";
		};
		7D1C083F1BDE0DA4004EAD2B /* 毛玻璃模糊Tests */ = {
			isa = PBXNativeTarget;
			buildConfigurationList = 7D1C08571BDE0DA4004EAD2B /* Build configuration list for PBXNativeTarget "毛玻璃模糊Tests" */;
			buildPhases = (
				7D1C083C1BDE0DA4004EAD2B /* Sources */,
				7D1C083D1BDE0DA4004EAD2B /* Frameworks */,
				7D1C083E1BDE0DA4004EAD2B /* Resources */,
			);
			buildRules = (
			);
			dependencies = (
				7D1C08421BDE0DA4004EAD2B /* PBXTargetDependency */,
			);
			name = "毛玻璃模糊Tests";
			productName = "毛玻璃模糊Tests";
			productReference = 7D1C08401BDE0DA4004EAD2B /* 毛玻璃模糊Tests.xctest */;
			productType = "com.apple.product-type.bundle.unit-test";
		};
		7D1C084A1BDE0DA4004EAD2B /* 毛玻璃模糊UITests */ = {
			isa = PBXNativeTarget;
			buildConfigurationList = 7D1C085A1BDE0DA4004EAD2B /* Build configuration list for PBXNativeTarget "毛玻璃模糊UITests" */;
			buildPhases = (
				7D1C08471BDE0DA4004EAD2B /* Sources */,
				7D1C08481BDE0DA4004EAD2B /* Frameworks */,
				7D1C08491BDE0DA4004EAD2B /* Resources */,
			);
			buildRules = (
			);
			dependencies = (
				7D1C084D1BDE0DA4004EAD2B /* PBXTargetDependency */,
			);
			name = "毛玻璃模糊UITests";
			productName = "毛玻璃模糊UITests";
			productReference = 7D1C084B1BDE0DA4004EAD2B /* 毛玻璃模糊UITests.xctest */;
			productType = "com.apple.product-type.bundle.ui-testing";
		};
/* End PBXNativeTarget section */

/* Begin PBXProject section */
		7D1C081F1BDE0DA3004EAD2B /* Project object */ = {
			isa = PBXProject;
			attributes = {
				LastUpgradeCheck = 0710;
				ORGANIZATIONNAME = "杜豪";
				TargetAttributes = {
					7D1C08261BDE0DA3004EAD2B = {
						CreatedOnToolsVersion = 7.1;
						DevelopmentTeam = 5JB79JDMGX;
					};
					7D1C083F1BDE0DA4004EAD2B = {
						CreatedOnToolsVersion = 7.1;
						TestTargetID = 7D1C08261BDE0DA3004EAD2B;
					};
					7D1C084A1BDE0DA4004EAD2B = {
						CreatedOnToolsVersion = 7.1;
						TestTargetID = 7D1C08261BDE0DA3004EAD2B;
					};
				};
			};
			buildConfigurationList = 7D1C08221BDE0DA3004EAD2B /* Build configuration list for PBXProject "毛玻璃模糊" */;
			compatibilityVersion = "Xcode 3.2";
			developmentRegion = English;
			hasScannedForEncodings = 0;
			knownRegions = (
				en,
				Base,
			);
			mainGroup = 7D1C081E1BDE0DA3004EAD2B;
			productRefGroup = 7D1C08281BDE0DA3004EAD2B /* Products */;
			projectDirPath = "";
			projectRoot = "";
			targets = (
				7D1C08261BDE0DA3004EAD2B /* 毛玻璃模糊 */,
				7D1C083F1BDE0DA4004EAD2B /* 毛玻璃模糊Tests */,
				7D1C084A1BDE0DA4004EAD2B /* 毛玻璃模糊UITests */,
			);
		};
/* End PBXProject section */

/* Begin PBXResourcesBuildPhase section */
		7D1C08251BDE0DA3004EAD2B /* Resources */ = {
			isa = PBXResourcesBuildPhase;
			buildActionMask = 2147483647;
			files = (
				7D1C083A1BDE0DA3004EAD2B /* LaunchScreen.storyboard in Resources */,
				7D1C08371BDE0DA3004EAD2B /* Assets.xcassets in Resources */,
				7D1C08351BDE0DA3004EAD2B /* Main.storyboard in Resources */,
			);
			runOnlyForDeploymentPostprocessing = 0;
		};
		7D1C083E1BDE0DA4004EAD2B /* Resources */ = {
			isa = PBXResourcesBuildPhase;
			buildActionMask = 2147483647;
			files = (
			);
			runOnlyForDeploymentPostprocessing = 0;
		};
		7D1C08491BDE0DA4004EAD2B /* Resources */ = {
			isa = PBXResourcesBuildPhase;
			buildActionMask = 2147483647;
			files = (
			);
			runOnlyForDeploymentPostprocessing = 0;
		};
/* End PBXResourcesBuildPhase section */

/* Begin PBXSourcesBuildPhase section */
		7D1C08231BDE0DA3004EAD2B /* Sources */ = {
			isa = PBXSourcesBuildPhase;
			buildActionMask = 2147483647;
			files = (
				7D1C085F1BDE108D004EAD2B /* IOSViewController.m in Sources */,
				7D1C08321BDE0DA3004EAD2B /* ViewController.m in Sources */,
				7D1C082F1BDE0DA3004EAD2B /* AppDelegate.m in Sources */,
				7D1C082C1BDE0DA3004EAD2B /* main.m in Sources */,
				7D1C08621BDE10D0004EAD2B /* FXBlurViewController.m in Sources */,
				7D1C08661BDE122B004EAD2B /* FXBlurView.m in Sources */,
			);
			runOnlyForDeploymentPostprocessing = 0;
		};
		7D1C083C1BDE0DA4004EAD2B /* Sources */ = {
			isa = PBXSourcesBuildPhase;
			buildActionMask = 2147483647;
			files = (
				7D1C08451BDE0DA4004EAD2B /* _____Tests.m in Sources */,
			);
			runOnlyForDeploymentPostprocessing = 0;
		};
		7D1C08471BDE0DA4004EAD2B /* Sources */ = {
			isa = PBXSourcesBuildPhase;
			buildActionMask = 2147483647;
			files = (
				7D1C08501BDE0DA4004EAD2B /* _____UITests.m in Sources */,
			);
			runOnlyForDeploymentPostprocessing = 0;
		};
/* End PBXSourcesBuildPhase section */

/* Begin PBXTargetDependency section */
		7D1C08421BDE0DA4004EAD2B /* PBXTargetDependency */ = {
			isa = PBXTargetDependency;
			target = 7D1C08261BDE0DA3004EAD2B /* 毛玻璃模糊 */;
			targetProxy = 7D1C08411BDE0DA4004EAD2B /* PBXContainerItemProxy */;
		};
		7D1C084D1BDE0DA4004EAD2B /* PBXTargetDependency */ = {
			isa = PBXTargetDependency;
			target = 7D1C08261BDE0DA3004EAD2B /* 毛玻璃模糊 */;
			targetProxy = 7D1C084C1BDE0DA4004EAD2B /* PBXContainerItemProxy */;
		};
/* End PBXTargetDependency section */

/* Begin PBXVariantGroup section */
		7D1C08331BDE0DA3004EAD2B /* Main.storyboard */ = {
			isa = PBXVariantGroup;
			children = (
				7D1C08341BDE0DA3004EAD2B /* Base */,
			);
			name = Main.storyboard;
			sourceTree = "<group>";
		};
		7D1C08381BDE0DA3004EAD2B /* LaunchScreen.storyboard */ = {
			isa = PBXVariantGroup;
			children = (
				7D1C08391BDE0DA3004EAD2B /* Base */,
			);
			name = LaunchScreen.storyboard;
			sourceTree = "<group>";
		};
/* End PBXVariantGroup section */

/* Begin XCBuildConfiguration section */
		7D1C08521BDE0DA4004EAD2B /* Debug */ = {
			isa = XCBuildConfiguration;
			buildSettings = {
				ALWAYS_SEARCH_USER_PATHS = NO;
				CLANG_CXX_LANGUAGE_STANDARD = "gnu++0x";
				CLANG_CXX_LIBRARY = "libc++";
				CLANG_ENABLE_MODULES = YES;
				CLANG_ENABLE_OBJC_ARC = YES;
				CLANG_WARN_BOOL_CONVERSION = YES;
				CLANG_WARN_CONSTANT_CONVERSION = YES;
				CLANG_WARN_DIRECT_OBJC_ISA_USAGE = YES_ERROR;
				CLANG_WARN_EMPTY_BODY = YES;
				CLANG_WARN_ENUM_CONVERSION = YES;
				CLANG_WARN_INT_CONVERSION = YES;
				CLANG_WARN_OBJC_ROOT_CLASS = YES_ERROR;
				CLANG_WARN_UNREACHABLE_CODE = YES;
				CLANG_WARN__DUPLICATE_METHOD_MATCH = YES;
				"CODE_SIGN_IDENTITY[sdk=iphoneos*]" = "iPhone Developer";
				COPY_PHASE_STRIP = NO;
				DEBUG_INFORMATION_FORMAT = dwarf;
				ENABLE_STRICT_OBJC_MSGSEND = YES;
				ENABLE_TESTABILITY = YES;
				GCC_C_LANGUAGE_STANDARD = gnu99;
				GCC_DYNAMIC_NO_PIC = NO;
				GCC_NO_COMMON_BLOCKS = YES;
				GCC_OPTIMIZATION_LEVEL = 0;
				GCC_PREPROCESSOR_DEFINITIONS = (
					"DEBUG=1",
					"$(inherited)",
				);
				GCC_WARN_64_TO_32_BIT_CONVERSION = YES;
				GCC_WARN_ABOUT_RETURN_TYPE = YES_ERROR;
				GCC_WARN_UNDECLARED_SELECTOR = YES;
				GCC_WARN_UNINITIALIZED_AUTOS = YES_AGGRESSIVE;
				GCC_WARN_UNUSED_FUNCTION = YES;
				GCC_WARN_UNUSED_VARIABLE = YES;
				IPHONEOS_DEPLOYMENT_TARGET = 9.1;
				MTL_ENABLE_DEBUG_INFO = YES;
				ONLY_ACTIVE_ARCH = YES;
				SDKROOT = iphoneos;
			};
			name = Debug;
		};
		7D1C08531BDE0DA4004EAD2B /* Release */ = {
			isa = XCBuildConfiguration;
			buildSettings = {
				ALWAYS_SEARCH_USER_PATHS = NO;
				CLANG_CXX_LANGUAGE_STANDARD = "gnu++0x";
				CLANG_CXX_LIBRARY = "libc++";
				CLANG_ENABLE_MODULES = YES;
				CLANG_ENABLE_OBJC_ARC = YES;
				CLANG_WARN_BOOL_CONVERSION = YES;
				CLANG_WARN_CONSTANT_CONVERSION = YES;
				CLANG_WARN_DIRECT_OBJC_ISA_USAGE = YES_ERROR;
				CLANG_WARN_EMPTY_BODY = YES;
				CLANG_WARN_ENUM_CONVERSION = YES;
				CLANG_WARN_INT_CONVERSION = YES;
				CLANG_WARN_OBJC_ROOT_CLASS = YES_ERROR;
				CLANG_WARN_UNREACHABLE_CODE = YES;
				CLANG_WARN__DUPLICATE_METHOD_MATCH = YES;
				"CODE_SIGN_IDENTITY[sdk=iphoneos*]" = "iPhone Developer";
				COPY_PHASE_STRIP = NO;
				DEBUG_INFORMATION_FORMAT = "dwarf-with-dsym";
				ENABLE_NS_ASSERTIONS = NO;
				ENABLE_STRICT_OBJC_MSGSEND = YES;
				GCC_C_LANGUAGE_STANDARD = gnu99;
				GCC_NO_COMMON_BLOCKS = YES;
				GCC_WARN_64_TO_32_BIT_CONVERSION = YES;
				GCC_WARN_ABOUT_RETURN_TYPE = YES_ERROR;
				GCC_WARN_UNDECLARED_SELECTOR = YES;
				GCC_WARN_UNINITIALIZED_AUTOS = YES_AGGRESSIVE;
				GCC_WARN_UNUSED_FUNCTION = YES;
				GCC_WARN_UNUSED_VARIABLE = YES;
				IPHONEOS_DEPLOYMENT_TARGET = 9.1;
				MTL_ENABLE_DEBUG_INFO = NO;
				SDKROOT = iphoneos;
				VALIDATE_PRODUCT = YES;
			};
			name = Release;
		};
		7D1C08551BDE0DA4004EAD2B /* Debug */ = {
			isa = XCBuildConfiguration;
			buildSettings = {
				ASSETCATALOG_COMPILER_APPICON_NAME = AppIcon;
				CODE_SIGN_IDENTITY = "iPhone Developer";
				INFOPLIST_FILE = "毛玻璃模糊/Info.plist";
				LD_RUNPATH_SEARCH_PATHS = "$(inherited) @executable_path/Frameworks";
				PRODUCT_BUNDLE_IDENTIFIER = "com.cn.dh.-----";
				PRODUCT_NAME = "$(TARGET_NAME)";
			};
			name = Debug;
		};
		7D1C08561BDE0DA4004EAD2B /* Release */ = {
			isa = XCBuildConfiguration;
			buildSettings = {
				ASSETCATALOG_COMPILER_APPICON_NAME = AppIcon;
				CODE_SIGN_IDENTITY = "iPhone Developer";
				INFOPLIST_FILE = "毛玻璃模糊/Info.plist";
				LD_RUNPATH_SEARCH_PATHS = "$(inherited) @executable_path/Frameworks";
				PRODUCT_BUNDLE_IDENTIFIER = "com.cn.dh.-----";
				PRODUCT_NAME = "$(TARGET_NAME)";
			};
			name = Release;
		};
		7D1C08581BDE0DA4004EAD2B /* Debug */ = {
			isa = XCBuildConfiguration;
			buildSettings = {
				BUNDLE_LOADER = "$(TEST_HOST)";
				INFOPLIST_FILE = "毛玻璃模糊Tests/Info.plist";
				LD_RUNPATH_SEARCH_PATHS = "$(inherited) @executable_path/Frameworks @loader_path/Frameworks";
				PRODUCT_BUNDLE_IDENTIFIER = "com.cn.dh.-----Tests";
				PRODUCT_NAME = "$(TARGET_NAME)";
				TEST_HOST = "$(BUILT_PRODUCTS_DIR)/毛玻璃模糊.app/毛玻璃模糊";
			};
			name = Debug;
		};
		7D1C08591BDE0DA4004EAD2B /* Release */ = {
			isa = XCBuildConfiguration;
			buildSettings = {
				BUNDLE_LOADER = "$(TEST_HOST)";
				INFOPLIST_FILE = "毛玻璃模糊Tests/Info.plist";
				LD_RUNPATH_SEARCH_PATHS = "$(inherited) @executable_path/Frameworks @loader_path/Frameworks";
				PRODUCT_BUNDLE_IDENTIFIER = "com.cn.dh.-----Tests";
				PRODUCT_NAME = "$(TARGET_NAME)";
				TEST_HOST = "$(BUILT_PRODUCTS_DIR)/毛玻璃模糊.app/毛玻璃模糊";
			};
			name = Release;
		};
		7D1C085B1BDE0DA4004EAD2B /* Debug */ = {
			isa = XCBuildConfiguration;
			buildSettings = {
				INFOPLIST_FILE = "毛玻璃模糊UITests/Info.plist";
				LD_RUNPATH_SEARCH_PATHS = "$(inherited) @executable_path/Frameworks @loader_path/Frameworks";
				PRODUCT_BUNDLE_IDENTIFIER = "com.cn.dh.-----UITests";
				PRODUCT_NAME = "$(TARGET_NAME)";
				TEST_TARGET_NAME = "毛玻璃模糊";
				USES_XCTRUNNER = YES;
			};
			name = Debug;
		};
		7D1C085C1BDE0DA4004EAD2B /* Release */ = {
			isa = XCBuildConfiguration;
			buildSettings = {
				INFOPLIST_FILE = "毛玻璃模糊UITests/Info.plist";
				LD_RUNPATH_SEARCH_PATHS = "$(inherited) @executable_path/Frameworks @loader_path/Frameworks";
				PRODUCT_BUNDLE_IDENTIFIER = "com.cn.dh.-----UITests";
				PRODUCT_NAME = "$(TARGET_NAME)";
				TEST_TARGET_NAME = "毛玻璃模糊";
				USES_XCTRUNNER = YES;
			};
			name = Release;
		};
/* End XCBuildConfiguration section */

/* Begin XCConfigurationList section */
		7D1C08221BDE0DA3004EAD2B /* Build configuration list for PBXProject "毛玻璃模糊" */ = {
			isa = XCConfigurationList;
			buildConfigurations = (
				7D1C08521BDE0DA4004EAD2B /* Debug */,
				7D1C08531BDE0DA4004EAD2B /* Release */,
			);
			defaultConfigurationIsVisible = 0;
			defaultConfigurationName = Release;
		};
		7D1C08541BDE0DA4004EAD2B /* Build configuration list for PBXNativeTarget "毛玻璃模糊" */ = {
			isa = XCConfigurationList;
			buildConfigurations = (
				7D1C08551BDE0DA4004EAD2B /* Debug */,
				7D1C08561BDE0DA4004EAD2B /* Release */,
			);
			defaultConfigurationIsVisible = 0;
			defaultConfigurationName = Release;
		};
		7D1C08571BDE0DA4004EAD2B /* Build configuration list for PBXNativeTarget "毛玻璃模糊Tests" */ = {
			isa = XCConfigurationList;
			buildConfigurations = (
				7D1C08581BDE0DA4004EAD2B /* Debug */,
				7D1C08591BDE0DA4004EAD2B /* Release */,
			);
			defaultConfigurationIsVisible = 0;
			defaultConfigurationName = Release;
		};
		7D1C085A1BDE0DA4004EAD2B /* Build configuration list for PBXNativeTarget "毛玻璃模糊UITests" */ = {
			isa = XCConfigurationList;
			buildConfigurations = (
				7D1C085B1BDE0DA4004EAD2B /* Debug */,
				7D1C085C1BDE0DA4004EAD2B /* Release */,
			);
			defaultConfigurationIsVisible = 0;
			defaultConfigurationName = Release;
		};
/* End XCConfigurationList section */
	};
	rootObject = 7D1C081F1BDE0DA3004EAD2B /* Project object */;
}
